dependencies:
  espressif/esp32-camera:
    component_hash: bc9c8a6b51df777a014fa295825b3de5069bc0300c317acff20c97cf4a10ac7d
    dependencies:
    - name: espressif/esp_jpeg
      registry_url: https://components.espressif.com
      require: public
      version: ^1.3.1
    - name: idf
      require: private
      version: '>=5.1'
    source:
      registry_url: https://components.espressif.com/
      type: service
    version: 2.1.7
  espressif/esp_jpeg:
    component_hash: defb83669293cbf86d0fa86b475ba5517aceed04ed70db435388c151ab37b5d7
    dependencies:
    - name: idf
      require: private
      version: '>=5.0'
    source:
      registry_url: https://components.espressif.com
      type: service
    version: 1.3.1
  espressif/esp_libsrtp:
    component_hash: 131560184c73ec09f77d8904a2db709307803f0f9f111898921b6966776eac15
    dependencies: []
    source:
      registry_url: https://components.espressif.com
      type: service
    version: 1.0.0
  espressif/esp_peer:
    component_hash: 97aac8b5a27e3901ca5c415a3b9ac083209e02b942af1f5911a754319331e0ca
    dependencies:
    - name: espressif/esp_libsrtp
      registry_url: https://components.espressif.com
      require: private
      version: ^1.0.0
    source:
      registry_url: https://components.espressif.com/
      type: service
    version: 1.5.5
  idf:
    source:
      type: idf
    version: 5.5.5
direct_dependencies:
- espressif/esp32-camera
- espressif/esp_peer
- idf
manifest_hash: 4c0c20d4191e70cf1d6909cd61e6d1712e9fcaa55b2c39c34b9755fb26b22c51
target: esp32
version: 2.0.0
